
Microsoft Visual Studio Solution File, Format Version 12.00
# Visual Studio 15
VisualStudioVersion = 15.0.28307.421
MinimumVisualStudioVersion = 10.0.40219.1
Project("{FAE04EC0-301F-11D3-BF4B-00C04F79EFBC}") = "Ejercicio3", "Ejercicio3\Ejercicio3.csproj", "{CEF43A28-6F20-4CF4-9BCF-A9031C648850}"
EndProject
Global
	GlobalSection(SolutionConfigurationPlatforms) = preSolution
		Debug|Any CPU = Debug|Any CPU
		Release|Any CPU = Release|Any CPU
	EndGlobalSection
	GlobalSection(ProjectConfigurationPlatforms) = postSolution
		{CEF43A28-6F20-4CF4-9BCF-A9031C648850}.Debug|Any CPU.ActiveCfg = Debug|Any CPU
		{CEF43A28-6F20-4CF4-9BCF-A9031C648850}.Debug|Any CPU.Build.0 = Debug|Any CPU
		{CEF43A28-6F20-4CF4-9BCF-A9031C648850}.Release|Any CPU.ActiveCfg = Release|Any CPU
		{CEF43A28-6F20-4CF4-9BCF-A9031C648850}.Release|Any CPU.Build.0 = Release|Any CPU
	EndGlobalSection
	GlobalSection(SolutionProperties) = preSolution
		HideSolutionNode = FALSE
	EndGlobalSection
	GlobalSection(ExtensibilityGlobals) = postSolution
		SolutionGuid = {CE329D32-94FA-4D8B-A22F-08587EF1A044}
	EndGlobalSection
EndGlobal
